
Microsoft Visual Studio Solution File, Format Version 12.00
# Visual Studio Version 16
VisualStudioVersion = 16.0.30114.105
MinimumVisualStudioVersion = 10.0.40219.1
Project("{FAE04EC0-301F-11D3-BF4B-00C04F79EFBC}") = "NMRR", "NMRR\NMRR.csproj", "{9882519A-B934-48CC-A06E-541BE7294B6F}"
EndProject
Global
	GlobalSection(SolutionConfigurationPlatforms) = preSolution
		Debug|Any CPU = Debug|Any CPU
		Release|Any CPU = Release|Any CPU
	EndGlobalSection
	GlobalSection(ProjectConfigurationPlatforms) = postSolution
		{9882519A-B934-48CC-A06E-541BE7294B6F}.Debug|Any CPU.ActiveCfg = Debug|Any CPU
		{9882519A-B934-48CC-A06E-541BE7294B6F}.Debug|Any CPU.Build.0 = Debug|Any CPU
		{9882519A-B934-48CC-A06E-541BE7294B6F}.Release|Any CPU.ActiveCfg = Release|Any CPU
		{9882519A-B934-48CC-A06E-541BE7294B6F}.Release|Any CPU.Build.0 = Release|Any CPU
	EndGlobalSection
	GlobalSection(SolutionProperties) = preSolution
		HideSolutionNode = FALSE
	EndGlobalSection
	GlobalSection(ExtensibilityGlobals) = postSolution
		SolutionGuid = {AAA7D1BE-5AC6-4B4F-8176-6DD7B858BDE6}
	EndGlobalSection
EndGlobal
